// !$*UTF8*$!
{
	archiveVersion = 1;
	classes = {
	};
	objectVersion = 46;
	objects = {

/* Begin PBXBuildFile section */
		C42B2F521D7C9B5D00BEEA63 /* AppDelegate.swift in Sources */ = {isa = PBXBuildFile; fileRef = C42B2F511D7C9B5D00BEEA63 /* AppDelegate.swift */; };
		C42B2F541D7C9B5D00BEEA63 /* ViewController.swift in Sources */ = {isa = PBXBuildFile; fileRef = C42B2F531D7C9B5D00BEEA63 /* ViewController.swift */; };
		C42B2F571D7C9B5D00BEEA63 /* Main.storyboard in Resources */ = {isa = PBXBuildFile; fileRef = C42B2F551D7C9B5D00BEEA63 /* Main.storyboard */; };
		C42B2F591D7C9B5D00BEEA63 /* Assets.xcassets in Resources */ = {isa = PBXBuildFile; fileRef = C42B2F581D7C9B5D00BEEA63 /* Assets.xcassets */; };
		C42B2F5C1D7C9B5D00BEEA63 /* LaunchScreen.storyboard in Resources */ = {isa = PBXBuildFile; fileRef = C42B2F5A1D7C9B5D00BEEA63 /* LaunchScreen.storyboard */; };
		C42B2F671D7C9B5D00BEEA63 /* reproductorAudioTests.swift in Sources */ = {isa = PBXBuildFile; fileRef = C42B2F661D7C9B5D00BEEA63 /* reproductorAudioTests.swift */; };
		C42B2F721D7C9B5D00BEEA63 /* reproductorAudioUITests.swift in Sources */ = {isa = PBXBuildFile; fileRef = C42B2F711D7C9B5D00BEEA63 /* reproductorAudioUITests.swift */; };
		C42B2F8A1D7CA09000BEEA63 /* door.jpg in Resources */ = {isa = PBXBuildFile; fileRef = C42B2F7F1D7CA09000BEEA63 /* door.jpg */; };
		C42B2F8B1D7CA09000BEEA63 /* Door.mp3 in Resources */ = {isa = PBXBuildFile; fileRef = C42B2F801D7CA09000BEEA63 /* Door.mp3 */; };
		C42B2F8C1D7CA09000BEEA63 /* love.jpg in Resources */ = {isa = PBXBuildFile; fileRef = C42B2F811D7CA09000BEEA63 /* love.jpg */; };
		C42B2F8D1D7CA09000BEEA63 /* Love.mp3 in Resources */ = {isa = PBXBuildFile; fileRef = C42B2F821D7CA09000BEEA63 /* Love.mp3 */; };
		C42B2F8E1D7CA09000BEEA63 /* shake.jpg in Resources */ = {isa = PBXBuildFile; fileRef = C42B2F831D7CA09000BEEA63 /* shake.jpg */; };
		C42B2F8F1D7CA09000BEEA63 /* Shake.mp3 in Resources */ = {isa = PBXBuildFile; fileRef = C42B2F841D7CA09000BEEA63 /* Shake.mp3 */; };
		C42B2F901D7CA09000BEEA63 /* surfin.jpg in Resources */ = {isa = PBXBuildFile; fileRef = C42B2F851D7CA09000BEEA63 /* surfin.jpg */; };
		C42B2F911D7CA09000BEEA63 /* Surfin.mp3 in Resources */ = {isa = PBXBuildFile; fileRef = C42B2F861D7CA09000BEEA63 /* Surfin.mp3 */; };
		C42B2F921D7CA09000BEEA63 /* surfin.png in Resources */ = {isa = PBXBuildFile; fileRef = C42B2F871D7CA09000BEEA63 /* surfin.png */; };
		C42B2F931D7CA09000BEEA63 /* thunderstruck.jpg in Resources */ = {isa = PBXBuildFile; fileRef = C42B2F881D7CA09000BEEA63 /* thunderstruck.jpg */; };
		C42B2F941D7CA09000BEEA63 /* Thunderstruck.mp3 in Resources */ = {isa = PBXBuildFile; fileRef = C42B2F891D7CA09000BEEA63 /* Thunderstruck.mp3 */; };
/* End PBXBuildFile section */

/* Begin PBXContainerItemProxy section */
		C42B2F631D7C9B5D00BEEA63 /* PBXContainerItemProxy */ = {
			isa = PBXContainerItemProxy;
			containerPortal = C42B2F461D7C9B5C00BEEA63 /* Project object */;
			proxyType = 1;
			remoteGlobalIDString = C42B2F4D1D7C9B5C00BEEA63;
			remoteInfo = reproductorAudio;
		};
		C42B2F6E1D7C9B5D00BEEA63 /* PBXContainerItemProxy */ = {
			isa = PBXContainerItemProxy;
			containerPortal = C42B2F461D7C9B5C00BEEA63 /* Project object */;
			proxyType = 1;
			remoteGlobalIDString = C42B2F4D1D7C9B5C00BEEA63;
			remoteInfo = reproductorAudio;
		};
/* End PBXContainerItemProxy section */

/* Begin PBXFileReference section */
		C42B2F4E1D7C9B5C00BEEA63 /* reproductorAudio.app */ = {isa = PBXFileReference; explicitFileType = wrapper.application; includeInIndex = 0; path = reproductorAudio.app; sourceTree = BUILT_PRODUCTS_DIR; };
		C42B2F511D7C9B5D00BEEA63 /* AppDelegate.swift */ = {isa = PBXFileReference; lastKnownFileType = sourcecode.swift; path = AppDelegate.swift; sourceTree = "<group>"; };
		C42B2F531D7C9B5D00BEEA63 /* ViewController.swift */ = {isa = PBXFileReference; lastKnownFileType = sourcecode.swift; path = ViewController.swift; sourceTree = "<group>"; };
		C42B2F561D7C9B5D00BEEA63 /* Base */ = {isa = PBXFileReference; lastKnownFileType = file.storyboard; name = Base; path = Base.lproj/Main.storyboard; sourceTree = "<group>"; };
		C42B2F581D7C9B5D00BEEA63 /* Assets.xcassets */ = {isa = PBXFileReference; lastKnownFileType = folder.assetcatalog; path = Assets.xcassets; sourceTree = "<group>"; };
		C42B2F5B1D7C9B5D00BEEA63 /* Base */ = {isa = PBXFileReference; lastKnownFileType = file.storyboard; name = Base; path = Base.lproj/LaunchScreen.storyboard; sourceTree = "<group>"; };
		C42B2F5D1D7C9B5D00BEEA63 /* Info.plist */ = {isa = PBXFileReference; lastKnownFileType = text.plist.xml; path = Info.plist; sourceTree = "<group>"; };
		C42B2F621D7C9B5D00BEEA63 /* reproductorAudioTests.xctest */ = {isa = PBXFileReference; explicitFileType = wrapper.cfbundle; includeInIndex = 0; path = reproductorAudioTests.xctest; sourceTree = BUILT_PRODUCTS_DIR; };
		C42B2F661D7C9B5D00BEEA63 /* reproductorAudioTests.swift */ = {isa = PBXFileReference; lastKnownFileType = sourcecode.swift; path = reproductorAudioTests.swift; sourceTree = "<group>"; };
		C42B2F681D7C9B5D00BEEA63 /* Info.plist */ = {isa = PBXFileReference; lastKnownFileType = text.plist.xml; path = Info.plist; sourceTree = "<group>"; };
		C42B2F6D1D7C9B5D00BEEA63 /* reproductorAudioUITests.xctest */ = {isa = PBXFileReference; explicitFileType = wrapper.cfbundle; includeInIndex = 0; path = reproductorAudioUITests.xctest; sourceTree = BUILT_PRODUCTS_DIR; };
		C42B2F711D7C9B5D00BEEA63 /* reproductorAudioUITests.swift */ = {isa = PBXFileReference; lastKnownFileType = sourcecode.swift; path = reproductorAudioUITests.swift; sourceTree = "<group>"; };
		C42B2F731D7C9B5D00BEEA63 /* Info.plist */ = {isa = PBXFileReference; lastKnownFileType = text.plist.xml; path = Info.plist; sourceTree = "<group>"; };
		C42B2F7F1D7CA09000BEEA63 /* door.jpg */ = {isa = PBXFileReference; lastKnownFileType = image.jpeg; path = door.jpg; sourceTree = "<group>"; };
		C42B2F801D7CA09000BEEA63 /* Door.mp3 */ = {isa = PBXFileReference; lastKnownFileType = audio.mp3; path = Door.mp3; sourceTree = "<group>"; };
		C42B2F811D7CA09000BEEA63 /* love.jpg */ = {isa = PBXFileReference; lastKnownFileType = image.jpeg; path = love.jpg; sourceTree = "<group>"; };
		C42B2F821D7CA09000BEEA63 /* Love.mp3 */ = {isa = PBXFileReference; lastKnownFileType = audio.mp3; path = Love.mp3; sourceTree = "<group>"; };
		C42B2F831D7CA09000BEEA63 /* shake.jpg */ = {isa = PBXFileReference; lastKnownFileType = image.jpeg; path = shake.jpg; sourceTree = "<group>"; };
		C42B2F841D7CA09000BEEA63 /* Shake.mp3 */ = {isa = PBXFileReference; lastKnownFileType = audio.mp3; path = Shake.mp3; sourceTree = "<group>"; };
		C42B2F851D7CA09000BEEA63 /* surfin.jpg */ = {isa = PBXFileReference; lastKnownFileType = image.jpeg; path = surfin.jpg; sourceTree = "<group>"; };
		C42B2F861D7CA09000BEEA63 /* Surfin.mp3 */ = {isa = PBXFileReference; lastKnownFileType = audio.mp3; path = Surfin.mp3; sourceTree = "<group>"; };
		C42B2F871D7CA09000BEEA63 /* surfin.png */ = {isa = PBXFileReference; lastKnownFileType = image.png; path = surfin.png; sourceTree = "<group>"; };
		C42B2F881D7CA09000BEEA63 /* thunderstruck.jpg */ = {isa = PBXFileReference; lastKnownFileType = image.jpeg; path = thunderstruck.jpg; sourceTree = "<group>"; };
		C42B2F891D7CA09000BEEA63 /* Thunderstruck.mp3 */ = {isa = PBXFileReference; lastKnownFileType = audio.mp3; path = Thunderstruck.mp3; sourceTree = "<group>"; };
/* End PBXFileReference section */

/* Begin PBXFrameworksBuildPhase section */
		C42B2F4B1D7C9B5C00BEEA63 /* Frameworks */ = {
			isa = PBXFrameworksBuildPhase;
			buildActionMask = 2147483647;
			files = (
			);
			runOnlyForDeploymentPostprocessing = 0;
		};
		C42B2F5F1D7C9B5D00BEEA63 /* Frameworks */ = {
			isa = PBXFrameworksBuildPhase;
			buildActionMask = 2147483647;
			files = (
			);
			runOnlyForDeploymentPostprocessing = 0;
		};
		C42B2F6A1D7C9B5D00BEEA63 /* Frameworks */ = {
			isa = PBXFrameworksBuildPhase;
			buildActionMask = 2147483647;
			files = (
			);
			runOnlyForDeploymentPostprocessing = 0;
		};
/* End PBXFrameworksBuildPhase section */

/* Begin PBXGroup section */
		C42B2F451D7C9B5C00BEEA63 = {
			isa = PBXGroup;
			children = (
				C42B2F501D7C9B5D00BEEA63 /* reproductorAudio */,
				C42B2F651D7C9B5D00BEEA63 /* reproductorAudioTests */,
				C42B2F701D7C9B5D00BEEA63 /* reproductorAudioUITests */,
				C42B2F4F1D7C9B5C00BEEA63 /* Products */,
			);
			sourceTree = "<group>";
		};
		C42B2F4F1D7C9B5C00BEEA63 /* Products */ = {
			isa = PBXGroup;
			children = (
				C42B2F4E1D7C9B5C00BEEA63 /* reproductorAudio.app */,
				C42B2F621D7C9B5D00BEEA63 /* reproductorAudioTests.xctest */,
				C42B2F6D1D7C9B5D00BEEA63 /* reproductorAudioUITests.xctest */,
			);
			name = Products;
			sourceTree = "<group>";
		};
		C42B2F501D7C9B5D00BEEA63 /* reproductorAudio */ = {
			isa = PBXGroup;
			children = (
				C42B2F7F1D7CA09000BEEA63 /* door.jpg */,
				C42B2F801D7CA09000BEEA63 /* Door.mp3 */,
				C42B2F811D7CA09000BEEA63 /* love.jpg */,
				C42B2F821D7CA09000BEEA63 /* Love.mp3 */,
				C42B2F831D7CA09000BEEA63 /* shake.jpg */,
				C42B2F841D7CA09000BEEA63 /* Shake.mp3 */,
				C42B2F851D7CA09000BEEA63 /* surfin.jpg */,
				C42B2F861D7CA09000BEEA63 /* Surfin.mp3 */,
				C42B2F871D7CA09000BEEA63 /* surfin.png */,
				C42B2F881D7CA09000BEEA63 /* thunderstruck.jpg */,
				C42B2F891D7CA09000BEEA63 /* Thunderstruck.mp3 */,
				C42B2F511D7C9B5D00BEEA63 /* AppDelegate.swift */,
				C42B2F531D7C9B5D00BEEA63 /* ViewController.swift */,
				C42B2F551D7C9B5D00BEEA63 /* Main.storyboard */,
				C42B2F581D7C9B5D00BEEA63 /* Assets.xcassets */,
				C42B2F5A1D7C9B5D00BEEA63 /* LaunchScreen.storyboard */,
				C42B2F5D1D7C9B5D00BEEA63 /* Info.plist */,
			);
			path = reproductorAudio;
			sourceTree = "<group>";
		};
		C42B2F651D7C9B5D00BEEA63 /* reproductorAudioTests */ = {
			isa = PBXGroup;
			children = (
				C42B2F661D7C9B5D00BEEA63 /* reproductorAudioTests.swift */,
				C42B2F681D7C9B5D00BEEA63 /* Info.plist */,
			);
			path = reproductorAudioTests;
			sourceTree = "<group>";
		};
		C42B2F701D7C9B5D00BEEA63 /* reproductorAudioUITests */ = {
			isa = PBXGroup;
			children = (
				C42B2F711D7C9B5D00BEEA63 /* reproductorAudioUITests.swift */,
				C42B2F731D7C9B5D00BEEA63 /* Info.plist */,
			);
			path = reproductorAudioUITests;
			sourceTree = "<group>";
		};
/* End PBXGroup section */

/* Begin PBXNativeTarget section */
		C42B2F4D1D7C9B5C00BEEA63 /* reproductorAudio */ = {
			isa = PBXNativeTarget;
			buildConfigurationList = C42B2F761D7C9B5D00BEEA63 /* Build configuration list for PBXNativeTarget "reproductorAudio" */;
			buildPhases = (
				C42B2F4A1D7C9B5C00BEEA63 /* Sources */,
				C42B2F4B1D7C9B5C00BEEA63 /* Frameworks */,
				C42B2F4C1D7C9B5C00BEEA63 /* Resources */,
			);
			buildRules = (
			);
			dependencies = (
			);
			name = reproductorAudio;
			productName = reproductorAudio;
			productReference = C42B2F4E1D7C9B5C00BEEA63 /* reproductorAudio.app */;
			productType = "com.apple.product-type.application";
		};
		C42B2F611D7C9B5D00BEEA63 /* reproductorAudioTests */ = {
			isa = PBXNativeTarget;
			buildConfigurationList = C42B2F791D7C9B5D00BEEA63 /* Build configuration list for PBXNativeTarget "reproductorAudioTests" */;
			buildPhases = (
				C42B2F5E1D7C9B5D00BEEA63 /* Sources */,
				C42B2F5F1D7C9B5D00BEEA63 /* Frameworks */,
				C42B2F601D7C9B5D00BEEA63 /* Resources */,
			);
			buildRules = (
			);
			dependencies = (
				C42B2F641D7C9B5D00BEEA63 /* PBXTargetDependency */,
			);
			name = reproductorAudioTests;
			productName = reproductorAudioTests;
			productReference = C42B2F621D7C9B5D00BEEA63 /* reproductorAudioTests.xctest */;
			productType = "com.apple.product-type.bundle.unit-test";
		};
		C42B2F6C1D7C9B5D00BEEA63 /* reproductorAudioUITests */ = {
			isa = PBXNativeTarget;
			buildConfigurationList = C42B2F7C1D7C9B5D00BEEA63 /* Build configuration list for PBXNativeTarget "reproductorAudioUITests" */;
			buildPhases = (
				C42B2F691D7C9B5D00BEEA63 /* Sources */,
				C42B2F6A1D7C9B5D00BEEA63 /* Frameworks */,
				C42B2F6B1D7C9B5D00BEEA63 /* Resources */,
			);
			buildRules = (
			);
			dependencies = (
				C42B2F6F1D7C9B5D00BEEA63 /* PBXTargetDependency */,
			);
			name = reproductorAudioUITests;
			productName = reproductorAudioUITests;
			productReference = C42B2F6D1D7C9B5D00BEEA63 /* reproductorAudioUITests.xctest */;
			productType = "com.apple.product-type.bundle.ui-testing";
		};
/* End PBXNativeTarget section */

/* Begin PBXProject section */
		C42B2F461D7C9B5C00BEEA63 /* Project object */ = {
			isa = PBXProject;
			attributes = {
				LastSwiftUpdateCheck = 0730;
				LastUpgradeCheck = 0730;
				ORGANIZATIONNAME = SebasFiol;
				TargetAttributes = {
					C42B2F4D1D7C9B5C00BEEA63 = {
						CreatedOnToolsVersion = 7.3.1;
						DevelopmentTeam = NH77L6EUQH;
					};
					C42B2F611D7C9B5D00BEEA63 = {
						CreatedOnToolsVersion = 7.3.1;
						DevelopmentTeam = NH77L6EUQH;
						TestTargetID = C42B2F4D1D7C9B5C00BEEA63;
					};
					C42B2F6C1D7C9B5D00BEEA63 = {
						CreatedOnToolsVersion = 7.3.1;
						DevelopmentTeam = NH77L6EUQH;
						TestTargetID = C42B2F4D1D7C9B5C00BEEA63;
					};
				};
			};
			buildConfigurationList = C42B2F491D7C9B5C00BEEA63 /* Build configuration list for PBXProject "reproductorAudio" */;
			compatibilityVersion = "Xcode 3.2";
			developmentRegion = English;
			hasScannedForEncodings = 0;
			knownRegions = (
				en,
				Base,
			);
			mainGroup = C42B2F451D7C9B5C00BEEA63;
			productRefGroup = C42B2F4F1D7C9B5C00BEEA63 /* Products */;
			projectDirPath = "";
			projectRoot = "";
			targets = (
				C42B2F4D1D7C9B5C00BEEA63 /* reproductorAudio */,
				C42B2F611D7C9B5D00BEEA63 /* reproductorAudioTests */,
				C42B2F6C1D7C9B5D00BEEA63 /* reproductorAudioUITests */,
			);
		};
/* End PBXProject section */

/* Begin PBXResourcesBuildPhase section */
		C42B2F4C1D7C9B5C00BEEA63 /* Resources */ = {
			isa = PBXResourcesBuildPhase;
			buildActionMask = 2147483647;
			files = (
				C42B2F5C1D7C9B5D00BEEA63 /* LaunchScreen.storyboard in Resources */,
				C42B2F8C1D7CA09000BEEA63 /* love.jpg in Resources */,
				C42B2F911D7CA09000BEEA63 /* Surfin.mp3 in Resources */,
				C42B2F901D7CA09000BEEA63 /* surfin.jpg in Resources */,
				C42B2F931D7CA09000BEEA63 /* thunderstruck.jpg in Resources */,
				C42B2F591D7C9B5D00BEEA63 /* Assets.xcassets in Resources */,
				C42B2F8B1D7CA09000BEEA63 /* Door.mp3 in Resources */,
				C42B2F8E1D7CA09000BEEA63 /* shake.jpg in Resources */,
				C42B2F571D7C9B5D00BEEA63 /* Main.storyboard in Resources */,
				C42B2F941D7CA09000BEEA63 /* Thunderstruck.mp3 in Resources */,
				C42B2F921D7CA09000BEEA63 /* surfin.png in Resources */,
				C42B2F8D1D7CA09000BEEA63 /* Love.mp3 in Resources */,
				C42B2F8A1D7CA09000BEEA63 /* door.jpg in Resources */,
				C42B2F8F1D7CA09000BEEA63 /* Shake.mp3 in Resources */,
			);
			runOnlyForDeploymentPostprocessing = 0;
		};
		C42B2F601D7C9B5D00BEEA63 /* Resources */ = {
			isa = PBXResourcesBuildPhase;
			buildActionMask = 2147483647;
			files = (
			);
			runOnlyForDeploymentPostprocessing = 0;
		};
		C42B2F6B1D7C9B5D00BEEA63 /* Resources */ = {
			isa = PBXResourcesBuildPhase;
			buildActionMask = 2147483647;
			files = (
			);
			runOnlyForDeploymentPostprocessing = 0;
		};
/* End PBXResourcesBuildPhase section */

/* Begin PBXSourcesBuildPhase section */
		C42B2F4A1D7C9B5C00BEEA63 /* Sources */ = {
			isa = PBXSourcesBuildPhase;
			buildActionMask = 2147483647;
			files = (
				C42B2F541D7C9B5D00BEEA63 /* ViewController.swift in Sources */,
				C42B2F521D7C9B5D00BEEA63 /* AppDelegate.swift in Sources */,
			);
			runOnlyForDeploymentPostprocessing = 0;
		};
		C42B2F5E1D7C9B5D00BEEA63 /* Sources */ = {
			isa = PBXSourcesBuildPhase;
			buildActionMask = 2147483647;
			files = (
				C42B2F671D7C9B5D00BEEA63 /* reproductorAudioTests.swift in Sources */,
			);
			runOnlyForDeploymentPostprocessing = 0;
		};
		C42B2F691D7C9B5D00BEEA63 /* Sources */ = {
			isa = PBXSourcesBuildPhase;
			buildActionMask = 2147483647;
			files = (
				C42B2F721D7C9B5D00BEEA63 /* reproductorAudioUITests.swift in Sources */,
			);
			runOnlyForDeploymentPostprocessing = 0;
		};
/* End PBXSourcesBuildPhase section */

/* Begin PBXTargetDependency section */
		C42B2F641D7C9B5D00BEEA63 /* PBXTargetDependency */ = {
			isa = PBXTargetDependency;
			target = C42B2F4D1D7C9B5C00BEEA63 /* reproductorAudio */;
			targetProxy = C42B2F631D7C9B5D00BEEA63 /* PBXContainerItemProxy */;
		};
		C42B2F6F1D7C9B5D00BEEA63 /* PBXTargetDependency */ = {
			isa = PBXTargetDependency;
			target = C42B2F4D1D7C9B5C00BEEA63 /* reproductorAudio */;
			targetProxy = C42B2F6E1D7C9B5D00BEEA63 /* PBXContainerItemProxy */;
		};
/* End PBXTargetDependency section */

/* Begin PBXVariantGroup section */
		C42B2F551D7C9B5D00BEEA63 /* Main.storyboard */ = {
			isa = PBXVariantGroup;
			children = (
				C42B2F561D7C9B5D00BEEA63 /* Base */,
			);
			name = Main.storyboard;
			sourceTree = "<group>";
		};
		C42B2F5A1D7C9B5D00BEEA63 /* LaunchScreen.storyboard */ = {
			isa = PBXVariantGroup;
			children = (
				C42B2F5B1D7C9B5D00BEEA63 /* Base */,
			);
			name = LaunchScreen.storyboard;
			sourceTree = "<group>";
		};
/* End PBXVariantGroup section */

/* Begin XCBuildConfiguration section */
		C42B2F741D7C9B5D00BEEA63 /* Debug */ = {
			isa = XCBuildConfiguration;
			buildSettings = {
				ALWAYS_SEARCH_USER_PATHS = NO;
				CLANG_ANALYZER_NONNULL = YES;
				CLANG_CXX_LANGUAGE_STANDARD = "gnu++0x";
				CLANG_CXX_LIBRARY = "libc++";
				CLANG_ENABLE_MODULES = YES;
				CLANG_ENABLE_OBJC_ARC = YES;
				CLANG_WARN_BOOL_CONVERSION = YES;
				CLANG_WARN_CONSTANT_CONVERSION = YES;
				CLANG_WARN_DIRECT_OBJC_ISA_USAGE = YES_ERROR;
				CLANG_WARN_EMPTY_BODY = YES;
				CLANG_WARN_ENUM_CONVERSION = YES;
				CLANG_WARN_INT_CONVERSION = YES;
				CLANG_WARN_OBJC_ROOT_CLASS = YES_ERROR;
				CLANG_WARN_UNREACHABLE_CODE = YES;
				CLANG_WARN__DUPLICATE_METHOD_MATCH = YES;
				"CODE_SIGN_IDENTITY[sdk=iphoneos*]" = "iPhone Developer";
				COPY_PHASE_STRIP = NO;
				DEBUG_INFORMATION_FORMAT = dwarf;
				ENABLE_STRICT_OBJC_MSGSEND = YES;
				ENABLE_TESTABILITY = YES;
				GCC_C_LANGUAGE_STANDARD = gnu99;
				GCC_DYNAMIC_NO_PIC = NO;
				GCC_NO_COMMON_BLOCKS = YES;
				GCC_OPTIMIZATION_LEVEL = 0;
				GCC_PREPROCESSOR_DEFINITIONS = (
					"DEBUG=1",
					"$(inherited)",
				);
				GCC_WARN_64_TO_32_BIT_CONVERSION = YES;
				GCC_WARN_ABOUT_RETURN_TYPE = YES_ERROR;
				GCC_WARN_UNDECLARED_SELECTOR = YES;
				GCC_WARN_UNINITIALIZED_AUTOS = YES_AGGRESSIVE;
				GCC_WARN_UNUSED_FUNCTION = YES;
				GCC_WARN_UNUSED_VARIABLE = YES;
				IPHONEOS_DEPLOYMENT_TARGET = 9.3;
				MTL_ENABLE_DEBUG_INFO = YES;
				ONLY_ACTIVE_ARCH = YES;
				SDKROOT = iphoneos;
				SWIFT_OPTIMIZATION_LEVEL = "-Onone";
			};
			name = Debug;
		};
		C42B2F751D7C9B5D00BEEA63 /* Release */ = {
			isa = XCBuildConfiguration;
			buildSettings = {
				ALWAYS_SEARCH_USER_PATHS = NO;
				CLANG_ANALYZER_NONNULL = YES;
				CLANG_CXX_LANGUAGE_STANDARD = "gnu++0x";
				CLANG_CXX_LIBRARY = "libc++";
				CLANG_ENABLE_MODULES = YES;
				CLANG_ENABLE_OBJC_ARC = YES;
				CLANG_WARN_BOOL_CONVERSION = YES;
				CLANG_WARN_CONSTANT_CONVERSION = YES;
				CLANG_WARN_DIRECT_OBJC_ISA_USAGE = YES_ERROR;
				CLANG_WARN_EMPTY_BODY = YES;
				CLANG_WARN_ENUM_CONVERSION = YES;
				CLANG_WARN_INT_CONVERSION = YES;
				CLANG_WARN_OBJC_ROOT_CLASS = YES_ERROR;
				CLANG_WARN_UNREACHABLE_CODE = YES;
				CLANG_WARN__DUPLICATE_METHOD_MATCH = YES;
				"CODE_SIGN_IDENTITY[sdk=iphoneos*]" = "iPhone Developer";
				COPY_PHASE_STRIP = NO;
				DEBUG_INFORMATION_FORMAT = "dwarf-with-dsym";
				ENABLE_NS_ASSERTIONS = NO;
				ENABLE_STRICT_OBJC_MSGSEND = YES;
				GCC_C_LANGUAGE_STANDARD = gnu99;
				GCC_NO_COMMON_BLOCKS = YES;
				GCC_WARN_64_TO_32_BIT_CONVERSION = YES;
				GCC_WARN_ABOUT_RETURN_TYPE = YES_ERROR;
				GCC_WARN_UNDECLARED_SELECTOR = YES;
				GCC_WARN_UNINITIALIZED_AUTOS = YES_AGGRESSIVE;
				GCC_WARN_UNUSED_FUNCTION = YES;
				GCC_WARN_UNUSED_VARIABLE = YES;
				IPHONEOS_DEPLOYMENT_TARGET = 9.3;
				MTL_ENABLE_DEBUG_INFO = NO;
				SDKROOT = iphoneos;
				VALIDATE_PRODUCT = YES;
			};
			name = Release;
		};
		C42B2F771D7C9B5D00BEEA63 /* Debug */ = {
			isa = XCBuildConfiguration;
			buildSettings = {
				ASSETCATALOG_COMPILER_APPICON_NAME = AppIcon;
				INFOPLIST_FILE = reproductorAudio/Info.plist;
				LD_RUNPATH_SEARCH_PATHS = "$(inherited) @executable_path/Frameworks";
				PRODUCT_BUNDLE_IDENTIFIER = com.efeefe.reproductorAudio;
				PRODUCT_NAME = "$(TARGET_NAME)";
			};
			name = Debug;
		};
		C42B2F781D7C9B5D00BEEA63 /* Release */ = {
			isa = XCBuildConfiguration;
			buildSettings = {
				ASSETCATALOG_COMPILER_APPICON_NAME = AppIcon;
				INFOPLIST_FILE = reproductorAudio/Info.plist;
				LD_RUNPATH_SEARCH_PATHS = "$(inherited) @executable_path/Frameworks";
				PRODUCT_BUNDLE_IDENTIFIER = com.efeefe.reproductorAudio;
				PRODUCT_NAME = "$(TARGET_NAME)";
			};
			name = Release;
		};
		C42B2F7A1D7C9B5D00BEEA63 /* Debug */ = {
			isa = XCBuildConfiguration;
			buildSettings = {
				BUNDLE_LOADER = "$(TEST_HOST)";
				INFOPLIST_FILE = reproductorAudioTests/Info.plist;
				LD_RUNPATH_SEARCH_PATHS = "$(inherited) @executable_path/Frameworks @loader_path/Frameworks";
				PRODUCT_BUNDLE_IDENTIFIER = com.efeefe.reproductorAudioTests;
				PRODUCT_NAME = "$(TARGET_NAME)";
				TEST_HOST = "$(BUILT_PRODUCTS_DIR)/reproductorAudio.app/reproductorAudio";
			};
			name = Debug;
		};
		C42B2F7B1D7C9B5D00BEEA63 /* Release */ = {
			isa = XCBuildConfiguration;
			buildSettings = {
				BUNDLE_LOADER = "$(TEST_HOST)";
				INFOPLIST_FILE = reproductorAudioTests/Info.plist;
				LD_RUNPATH_SEARCH_PATHS = "$(inherited) @executable_path/Frameworks @loader_path/Frameworks";
				PRODUCT_BUNDLE_IDENTIFIER = com.efeefe.reproductorAudioTests;
				PRODUCT_NAME = "$(TARGET_NAME)";
				TEST_HOST = "$(BUILT_PRODUCTS_DIR)/reproductorAudio.app/reproductorAudio";
			};
			name = Release;
		};
		C42B2F7D1D7C9B5D00BEEA63 /* Debug */ = {
			isa = XCBuildConfiguration;
			buildSettings = {
				INFOPLIST_FILE = reproductorAudioUITests/Info.plist;
				LD_RUNPATH_SEARCH_PATHS = "$(inherited) @executable_path/Frameworks @loader_path/Frameworks";
				PRODUCT_BUNDLE_IDENTIFIER = com.efeefe.reproductorAudioUITests;
				PRODUCT_NAME = "$(TARGET_NAME)";
				TEST_TARGET_NAME = reproductorAudio;
			};
			name = Debug;
		};
		C42B2F7E1D7C9B5D00BEEA63 /* Release */ = {
			isa = XCBuildConfiguration;
			buildSettings = {
				INFOPLIST_FILE = reproductorAudioUITests/Info.plist;
				LD_RUNPATH_SEARCH_PATHS = "$(inherited) @executable_path/Frameworks @loader_path/Frameworks";
				PRODUCT_BUNDLE_IDENTIFIER = com.efeefe.reproductorAudioUITests;
				PRODUCT_NAME = "$(TARGET_NAME)";
				TEST_TARGET_NAME = reproductorAudio;
			};
			name = Release;
		};
/* End XCBuildConfiguration section */

/* Begin XCConfigurationList section */
		C42B2F491D7C9B5C00BEEA63 /* Build configuration list for PBXProject "reproductorAudio" */ = {
			isa = XCConfigurationList;
			buildConfigurations = (
				C42B2F741D7C9B5D00BEEA63 /* Debug */,
				C42B2F751D7C9B5D00BEEA63 /* Release */,
			);
			defaultConfigurationIsVisible = 0;
			defaultConfigurationName = Release;
		};
		C42B2F761D7C9B5D00BEEA63 /* Build configuration list for PBXNativeTarget "reproductorAudio" */ = {
			isa = XCConfigurationList;
			buildConfigurations = (
				C42B2F771D7C9B5D00BEEA63 /* Debug */,
				C42B2F781D7C9B5D00BEEA63 /* Release */,
			);
			defaultConfigurationIsVisible = 0;
		};
		C42B2F791D7C9B5D00BEEA63 /* Build configuration list for PBXNativeTarget "reproductorAudioTests" */ = {
			isa = XCConfigurationList;
			buildConfigurations = (
				C42B2F7A1D7C9B5D00BEEA63 /* Debug */,
				C42B2F7B1D7C9B5D00BEEA63 /* Release */,
			);
			defaultConfigurationIsVisible = 0;
		};
		C42B2F7C1D7C9B5D00BEEA63 /* Build configuration list for PBXNativeTarget "reproductorAudioUITests" */ = {
			isa = XCConfigurationList;
			buildConfigurations = (
				C42B2F7D1D7C9B5D00BEEA63 /* Debug */,
				C42B2F7E1D7C9B5D00BEEA63 /* Release */,
			);
			defaultConfigurationIsVisible = 0;
		};
/* End XCConfigurationList section */
	};
	rootObject = C42B2F461D7C9B5C00BEEA63 /* Project object */;
}
